// !$*UTF8*$!
{
	archiveVersion = 1;
	classes = {};
	objectVersion = 56;
	objects = {

/* Begin PBXBuildFile section */
		B00000000000000000000001 /* GreaterArtApp.swift in Sources */ = {isa = PBXBuildFile; fileRef = C00000000000000000000001 /* GreaterArtApp.swift */; };
		B00000000000000000000002 /* MediaRecord.swift in Sources */ = {isa = PBXBuildFile; fileRef = C00000000000000000000002 /* MediaRecord.swift */; };
		B00000000000000000000003 /* Playlist.swift in Sources */ = {isa = PBXBuildFile; fileRef = C00000000000000000000003 /* Playlist.swift */; };
		B00000000000000000000004 /* AppSettings.swift in Sources */ = {isa = PBXBuildFile; fileRef = C00000000000000000000004 /* AppSettings.swift */; };
		B00000000000000000000005 /* Localizer.swift in Sources */ = {isa = PBXBuildFile; fileRef = C00000000000000000000005 /* Localizer.swift */; };
		B00000000000000000000006 /* LibraryStore.swift in Sources */ = {isa = PBXBuildFile; fileRef = C00000000000000000000006 /* LibraryStore.swift */; };
		B00000000000000000000007 /* ArtworkCache.swift in Sources */ = {isa = PBXBuildFile; fileRef = C00000000000000000000007 /* ArtworkCache.swift */; };
		B00000000000000000000008 /* PlayerController.swift in Sources */ = {isa = PBXBuildFile; fileRef = C00000000000000000000008 /* PlayerController.swift */; };
		B00000000000000000000009 /* RootView.swift in Sources */ = {isa = PBXBuildFile; fileRef = C00000000000000000000009 /* RootView.swift */; };
		B00000000000000000000010 /* LibraryView.swift in Sources */ = {isa = PBXBuildFile; fileRef = C00000000000000000000010 /* LibraryView.swift */; };
		B00000000000000000000011 /* NowPlayingView.swift in Sources */ = {isa = PBXBuildFile; fileRef = C00000000000000000000011 /* NowPlayingView.swift */; };
		B00000000000000000000012 /* SettingsView.swift in Sources */ = {isa = PBXBuildFile; fileRef = C00000000000000000000012 /* SettingsView.swift */; };
		B00000000000000000000013 /* ArtworkView.swift in Sources */ = {isa = PBXBuildFile; fileRef = C00000000000000000000013 /* ArtworkView.swift */; };
		B00000000000000000000014 /* VideoPlayerSurface.swift in Sources */ = {isa = PBXBuildFile; fileRef = C00000000000000000000014 /* VideoPlayerSurface.swift */; };
		B00000000000000000000015 /* WaveformView.swift in Sources */ = {isa = PBXBuildFile; fileRef = C00000000000000000000015 /* WaveformView.swift */; };
		B00000000000000000000016 /* MiniPlayerView.swift in Sources */ = {isa = PBXBuildFile; fileRef = C00000000000000000000016 /* MiniPlayerView.swift */; };
		B00000000000000000000017 /* Assets.xcassets in Resources */ = {isa = PBXBuildFile; fileRef = C00000000000000000000017 /* Assets.xcassets */; };
		B00000000000000000000018 /* PrivacyInfo.xcprivacy in Resources */ = {isa = PBXBuildFile; fileRef = C00000000000000000000018 /* PrivacyInfo.xcprivacy */; };
		B00000000000000000000019 /* PlaybackMathTests.swift in Sources */ = {isa = PBXBuildFile; fileRef = C00000000000000000000021 /* PlaybackMathTests.swift */; };
		B00000000000000000000020 /* LibraryOrderingTests.swift in Sources */ = {isa = PBXBuildFile; fileRef = C00000000000000000000022 /* LibraryOrderingTests.swift */; };
/* End PBXBuildFile section */

/* Begin PBXContainerItemProxy section */
		J00000000000000000000001 /* PBXContainerItemProxy */ = {
			isa = PBXContainerItemProxy;
			containerPortal = I00000000000000000000001 /* Project object */;
			proxyType = 1;
			remoteGlobalIDString = E00000000000000000000001;
			remoteInfo = GreaterArt;
		};
/* End PBXContainerItemProxy section */

/* Begin PBXFileReference section */
		C00000000000000000000001 /* GreaterArtApp.swift */ = {isa = PBXFileReference; lastKnownFileType = sourcecode.swift; path = App/GreaterArtApp.swift; sourceTree = "<group>"; };
		C00000000000000000000002 /* MediaRecord.swift */ = {isa = PBXFileReference; lastKnownFileType = sourcecode.swift; path = Models/MediaRecord.swift; sourceTree = "<group>"; };
		C00000000000000000000003 /* Playlist.swift */ = {isa = PBXFileReference; lastKnownFileType = sourcecode.swift; path = Models/Playlist.swift; sourceTree = "<group>"; };
		C00000000000000000000004 /* AppSettings.swift */ = {isa = PBXFileReference; lastKnownFileType = sourcecode.swift; path = Models/AppSettings.swift; sourceTree = "<group>"; };
		C00000000000000000000005 /* Localizer.swift */ = {isa = PBXFileReference; lastKnownFileType = sourcecode.swift; path = Localization/Localizer.swift; sourceTree = "<group>"; };
		C00000000000000000000006 /* LibraryStore.swift */ = {isa = PBXFileReference; lastKnownFileType = sourcecode.swift; path = Services/LibraryStore.swift; sourceTree = "<group>"; };
		C00000000000000000000007 /* ArtworkCache.swift */ = {isa = PBXFileReference; lastKnownFileType = sourcecode.swift; path = Services/ArtworkCache.swift; sourceTree = "<group>"; };
		C00000000000000000000008 /* PlayerController.swift */ = {isa = PBXFileReference; lastKnownFileType = sourcecode.swift; path = Services/PlayerController.swift; sourceTree = "<group>"; };
		C00000000000000000000009 /* RootView.swift */ = {isa = PBXFileReference; lastKnownFileType = sourcecode.swift; path = Views/RootView.swift; sourceTree = "<group>"; };
		C00000000000000000000010 /* LibraryView.swift */ = {isa = PBXFileReference; lastKnownFileType = sourcecode.swift; path = Views/LibraryView.swift; sourceTree = "<group>"; };
		C00000000000000000000011 /* NowPlayingView.swift */ = {isa = PBXFileReference; lastKnownFileType = sourcecode.swift; path = Views/NowPlayingView.swift; sourceTree = "<group>"; };
		C00000000000000000000012 /* SettingsView.swift */ = {isa = PBXFileReference; lastKnownFileType = sourcecode.swift; path = Views/SettingsView.swift; sourceTree = "<group>"; };
		C00000000000000000000013 /* ArtworkView.swift */ = {isa = PBXFileReference; lastKnownFileType = sourcecode.swift; path = Views/Components/ArtworkView.swift; sourceTree = "<group>"; };
		C00000000000000000000014 /* VideoPlayerSurface.swift */ = {isa = PBXFileReference; lastKnownFileType = sourcecode.swift; path = Views/Components/VideoPlayerSurface.swift; sourceTree = "<group>"; };
		C00000000000000000000015 /* WaveformView.swift */ = {isa = PBXFileReference; lastKnownFileType = sourcecode.swift; path = Views/Components/WaveformView.swift; sourceTree = "<group>"; };
		C00000000000000000000016 /* MiniPlayerView.swift */ = {isa = PBXFileReference; lastKnownFileType = sourcecode.swift; path = Views/Components/MiniPlayerView.swift; sourceTree = "<group>"; };
		C00000000000000000000017 /* Assets.xcassets */ = {isa = PBXFileReference; lastKnownFileType = folder.assetcatalog; path = Resources/Assets.xcassets; sourceTree = "<group>"; };
		C00000000000000000000018 /* PrivacyInfo.xcprivacy */ = {isa = PBXFileReference; lastKnownFileType = text.xml; path = Resources/PrivacyInfo.xcprivacy; sourceTree = "<group>"; };
		C00000000000000000000019 /* Info.plist */ = {isa = PBXFileReference; lastKnownFileType = text.plist.xml; path = Resources/Info.plist; sourceTree = "<group>"; };
		C00000000000000000000020 /* GreaterArt.entitlements */ = {isa = PBXFileReference; lastKnownFileType = text.plist.entitlements; path = Resources/GreaterArt.entitlements; sourceTree = "<group>"; };
		C00000000000000000000021 /* PlaybackMathTests.swift */ = {isa = PBXFileReference; lastKnownFileType = sourcecode.swift; path = PlaybackMathTests.swift; sourceTree = "<group>"; };
		C00000000000000000000022 /* LibraryOrderingTests.swift */ = {isa = PBXFileReference; lastKnownFileType = sourcecode.swift; path = LibraryOrderingTests.swift; sourceTree = "<group>"; };
		C00000000000000000000101 /* GreaterArt.app */ = {isa = PBXFileReference; explicitFileType = wrapper.application; includeInIndex = 0; path = GreaterArt.app; sourceTree = BUILT_PRODUCTS_DIR; };
		C00000000000000000000102 /* GreaterArtTests.xctest */ = {isa = PBXFileReference; explicitFileType = wrapper.cfbundle; includeInIndex = 0; path = GreaterArtTests.xctest; sourceTree = BUILT_PRODUCTS_DIR; };
/* End PBXFileReference section */

/* Begin PBXFrameworksBuildPhase section */
		F00000000000000000000002 /* Frameworks */ = {isa = PBXFrameworksBuildPhase; buildActionMask = 2147483647; files = (); runOnlyForDeploymentPostprocessing = 0; };
		F00000000000000000000005 /* Frameworks */ = {isa = PBXFrameworksBuildPhase; buildActionMask = 2147483647; files = (); runOnlyForDeploymentPostprocessing = 0; };
/* End PBXFrameworksBuildPhase section */

/* Begin PBXGroup section */
		D00000000000000000000000 = {
			isa = PBXGroup;
			children = (D00000000000000000000001 /* GreaterArt */, D00000000000000000000002 /* GreaterArtTests */, D00000000000000000000003 /* Products */);
			sourceTree = "<group>";
		};
		D00000000000000000000001 /* GreaterArt */ = {
			isa = PBXGroup;
			children = (
				C00000000000000000000001, C00000000000000000000002, C00000000000000000000003, C00000000000000000000004,
				C00000000000000000000005, C00000000000000000000006, C00000000000000000000007, C00000000000000000000008,
				C00000000000000000000009, C00000000000000000000010, C00000000000000000000011, C00000000000000000000012,
				C00000000000000000000013, C00000000000000000000014, C00000000000000000000015, C00000000000000000000016,
				C00000000000000000000017, C00000000000000000000018, C00000000000000000000019, C00000000000000000000020,
			);
			path = GreaterArt;
			sourceTree = "<group>";
		};
		D00000000000000000000002 /* GreaterArtTests */ = {isa = PBXGroup; children = (C00000000000000000000021, C00000000000000000000022); path = GreaterArtTests; sourceTree = "<group>"; };
		D00000000000000000000003 /* Products */ = {isa = PBXGroup; children = (C00000000000000000000101, C00000000000000000000102); name = Products; sourceTree = "<group>"; };
/* End PBXGroup section */

/* Begin PBXNativeTarget section */
		E00000000000000000000001 /* GreaterArt */ = {
			isa = PBXNativeTarget;
			buildConfigurationList = H00000000000000000000002;
			buildPhases = (F00000000000000000000001, F00000000000000000000002, F00000000000000000000003);
			buildRules = ();
			dependencies = ();
			name = GreaterArt;
			productName = GreaterArt;
			productReference = C00000000000000000000101;
			productType = "com.apple.product-type.application";
		};
		E00000000000000000000002 /* GreaterArtTests */ = {
			isa = PBXNativeTarget;
			buildConfigurationList = H00000000000000000000003;
			buildPhases = (F00000000000000000000004, F00000000000000000000005);
			buildRules = ();
			dependencies = (K00000000000000000000001);
			name = GreaterArtTests;
			productName = GreaterArtTests;
			productReference = C00000000000000000000102;
			productType = "com.apple.product-type.bundle.unit-test";
		};
/* End PBXNativeTarget section */

/* Begin PBXProject section */
		I00000000000000000000001 /* Project object */ = {
			isa = PBXProject;
			attributes = {
				BuildIndependentTargetsInParallel = YES;
				LastSwiftUpdateCheck = 1600;
				LastUpgradeCheck = 1600;
				TargetAttributes = {
					E00000000000000000000001 = {CreatedOnToolsVersion = 16.0; };
					E00000000000000000000002 = {CreatedOnToolsVersion = 16.0; TestTargetID = E00000000000000000000001; };
				};
			};
			buildConfigurationList = H00000000000000000000001;
			compatibilityVersion = "Xcode 14.0";
			developmentRegion = en;
			hasScannedForEncodings = 0;
			knownRegions = (en, Base);
			mainGroup = D00000000000000000000000;
			productRefGroup = D00000000000000000000003;
			projectDirPath = "";
			projectRoot = "";
			targets = (E00000000000000000000001, E00000000000000000000002);
		};
/* End PBXProject section */

/* Begin PBXResourcesBuildPhase section */
		F00000000000000000000003 /* Resources */ = {isa = PBXResourcesBuildPhase; buildActionMask = 2147483647; files = (B00000000000000000000017, B00000000000000000000018); runOnlyForDeploymentPostprocessing = 0; };
/* End PBXResourcesBuildPhase section */

/* Begin PBXSourcesBuildPhase section */
		F00000000000000000000001 /* Sources */ = {
			isa = PBXSourcesBuildPhase;
			buildActionMask = 2147483647;
			files = (
				B00000000000000000000001, B00000000000000000000002, B00000000000000000000003, B00000000000000000000004,
				B00000000000000000000005, B00000000000000000000006, B00000000000000000000007, B00000000000000000000008,
				B00000000000000000000009, B00000000000000000000010, B00000000000000000000011, B00000000000000000000012,
				B00000000000000000000013, B00000000000000000000014, B00000000000000000000015, B00000000000000000000016,
			);
			runOnlyForDeploymentPostprocessing = 0;
		};
		F00000000000000000000004 /* Sources */ = {isa = PBXSourcesBuildPhase; buildActionMask = 2147483647; files = (B00000000000000000000019, B00000000000000000000020); runOnlyForDeploymentPostprocessing = 0; };
/* End PBXSourcesBuildPhase section */

/* Begin PBXTargetDependency section */
		K00000000000000000000001 /* PBXTargetDependency */ = {isa = PBXTargetDependency; target = E00000000000000000000001; targetProxy = J00000000000000000000001; };
/* End PBXTargetDependency section */

/* Begin XCBuildConfiguration section */
		G00000000000000000000001 /* Debug */ = {isa = XCBuildConfiguration; buildSettings = {ALWAYS_SEARCH_USER_PATHS = NO; CLANG_ANALYZER_NONNULL = YES; CLANG_ENABLE_MODULES = YES; CLANG_ENABLE_OBJC_ARC = YES; COPY_PHASE_STRIP = NO; DEBUG_INFORMATION_FORMAT = dwarf; ENABLE_STRICT_OBJC_MSGSEND = YES; ENABLE_TESTABILITY = YES; GCC_C_LANGUAGE_STANDARD = gnu17; GCC_NO_COMMON_BLOCKS = YES; GCC_OPTIMIZATION_LEVEL = 0; IPHONEOS_DEPLOYMENT_TARGET = 16.0; MTL_ENABLE_DEBUG_INFO = INCLUDE_SOURCE; ONLY_ACTIVE_ARCH = YES; SDKROOT = iphoneos; SWIFT_ACTIVE_COMPILATION_CONDITIONS = DEBUG; SWIFT_OPTIMIZATION_LEVEL = "-Onone"; }; name = Debug; };
		G00000000000000000000002 /* Release */ = {isa = XCBuildConfiguration; buildSettings = {ALWAYS_SEARCH_USER_PATHS = NO; CLANG_ANALYZER_NONNULL = YES; CLANG_ENABLE_MODULES = YES; CLANG_ENABLE_OBJC_ARC = YES; COPY_PHASE_STRIP = NO; DEBUG_INFORMATION_FORMAT = "dwarf-with-dsym"; ENABLE_NS_ASSERTIONS = NO; ENABLE_STRICT_OBJC_MSGSEND = YES; GCC_C_LANGUAGE_STANDARD = gnu17; GCC_NO_COMMON_BLOCKS = YES; IPHONEOS_DEPLOYMENT_TARGET = 16.0; MTL_ENABLE_DEBUG_INFO = NO; SDKROOT = iphoneos; SWIFT_COMPILATION_MODE = wholemodule; SWIFT_OPTIMIZATION_LEVEL = "-O"; VALIDATE_PRODUCT = YES; }; name = Release; };
		G00000000000000000000003 /* Debug */ = {isa = XCBuildConfiguration; buildSettings = {ASSETCATALOG_COMPILER_ACCENT_COLOR_NAME = AccentColor; ASSETCATALOG_COMPILER_APPICON_NAME = AppIcon; CODE_SIGN_ENTITLEMENTS = GreaterArt/Resources/GreaterArt.entitlements; CODE_SIGN_STYLE = Automatic; CURRENT_PROJECT_VERSION = 1; DEVELOPMENT_TEAM = ""; ENABLE_PREVIEWS = YES; GENERATE_INFOPLIST_FILE = NO; INFOPLIST_FILE = GreaterArt/Resources/Info.plist; LD_RUNPATH_SEARCH_PATHS = ("$(inherited)", "@executable_path/Frameworks"); MARKETING_VERSION = 1.0.0; PRODUCT_BUNDLE_IDENTIFIER = com.galahad.greaterart; PRODUCT_NAME = "$(TARGET_NAME)"; SUPPORTED_PLATFORMS = "iphoneos iphonesimulator"; SWIFT_EMIT_LOC_STRINGS = YES; SWIFT_VERSION = 5.0; TARGETED_DEVICE_FAMILY = 1; }; name = Debug; };
		G00000000000000000000004 /* Release */ = {isa = XCBuildConfiguration; buildSettings = {ASSETCATALOG_COMPILER_ACCENT_COLOR_NAME = AccentColor; ASSETCATALOG_COMPILER_APPICON_NAME = AppIcon; CODE_SIGN_ENTITLEMENTS = GreaterArt/Resources/GreaterArt.entitlements; CODE_SIGN_STYLE = Automatic; CURRENT_PROJECT_VERSION = 1; DEVELOPMENT_TEAM = ""; ENABLE_PREVIEWS = YES; GENERATE_INFOPLIST_FILE = NO; INFOPLIST_FILE = GreaterArt/Resources/Info.plist; LD_RUNPATH_SEARCH_PATHS = ("$(inherited)", "@executable_path/Frameworks"); MARKETING_VERSION = 1.0.0; PRODUCT_BUNDLE_IDENTIFIER = com.galahad.greaterart; PRODUCT_NAME = "$(TARGET_NAME)"; SUPPORTED_PLATFORMS = "iphoneos iphonesimulator"; SWIFT_EMIT_LOC_STRINGS = YES; SWIFT_VERSION = 5.0; TARGETED_DEVICE_FAMILY = 1; }; name = Release; };
		G00000000000000000000005 /* Debug */ = {isa = XCBuildConfiguration; buildSettings = {BUNDLE_LOADER = "$(TEST_HOST)"; CODE_SIGN_STYLE = Automatic; GENERATE_INFOPLIST_FILE = YES; IPHONEOS_DEPLOYMENT_TARGET = 16.0; LD_RUNPATH_SEARCH_PATHS = ("$(inherited)", "@executable_path/Frameworks", "@loader_path/Frameworks"); PRODUCT_BUNDLE_IDENTIFIER = com.galahad.greaterart.tests; PRODUCT_NAME = "$(TARGET_NAME)"; SWIFT_VERSION = 5.0; TARGETED_DEVICE_FAMILY = 1; TEST_HOST = "$(BUILT_PRODUCTS_DIR)/GreaterArt.app/GreaterArt"; }; name = Debug; };
		G00000000000000000000006 /* Release */ = {isa = XCBuildConfiguration; buildSettings = {BUNDLE_LOADER = "$(TEST_HOST)"; CODE_SIGN_STYLE = Automatic; GENERATE_INFOPLIST_FILE = YES; IPHONEOS_DEPLOYMENT_TARGET = 16.0; LD_RUNPATH_SEARCH_PATHS = ("$(inherited)", "@executable_path/Frameworks", "@loader_path/Frameworks"); PRODUCT_BUNDLE_IDENTIFIER = com.galahad.greaterart.tests; PRODUCT_NAME = "$(TARGET_NAME)"; SWIFT_VERSION = 5.0; TARGETED_DEVICE_FAMILY = 1; TEST_HOST = "$(BUILT_PRODUCTS_DIR)/GreaterArt.app/GreaterArt"; }; name = Release; };
/* End XCBuildConfiguration section */

/* Begin XCConfigurationList section */
		H00000000000000000000001 /* Build configuration list for PBXProject */ = {isa = XCConfigurationList; buildConfigurations = (G00000000000000000000001, G00000000000000000000002); defaultConfigurationIsVisible = 0; defaultConfigurationName = Release; };
		H00000000000000000000002 /* Build configuration list for GreaterArt */ = {isa = XCConfigurationList; buildConfigurations = (G00000000000000000000003, G00000000000000000000004); defaultConfigurationIsVisible = 0; defaultConfigurationName = Release; };
		H00000000000000000000003 /* Build configuration list for GreaterArtTests */ = {isa = XCConfigurationList; buildConfigurations = (G00000000000000000000005, G00000000000000000000006); defaultConfigurationIsVisible = 0; defaultConfigurationName = Release; };
/* End XCConfigurationList section */
	};
	rootObject = I00000000000000000000001 /* Project object */;
}
